<?xml version="1.0" encoding="UTF-8" standalone="yes" ?>
<CodeBlocks_project_file>
	<FileVersion major="1" minor="6" />
	<Project>
		<Option title="GUITest" />
		<Option pch_mode="2" />
		<Option compiler="gcc" />
		<Build>
			<Target title="Debug Win32">
				<Option output="GUITest" prefix_auto="1" extension_auto="1" />
				<Option object_output="Debug Win32" />
				<Option type="1" />
				<Option compiler="gcc" />
				<Compiler>
					<Add option="-DWIN32" />
					<Add option="-D_DEBUG" />
					<Add option="-D_CONSOLE" />
					<Add option="-D$(NOINHERIT)" />
					<Add option="-W" />
					<Add option="-g" />
					<Add option="-O0" />
					<Add directory="..\framework" />
					<Add directory="..\glClasses" />
					<Add directory="..\utils" />
					<Add directory="..\include" />
					<Add directory="..\glFont" />
					<Add directory="..\freetype\include" />
					<Add directory="..\GUI" />
				</Compiler>
				<ResourceCompiler>
					<Add directory="..\framework" />
					<Add directory="..\glClasses" />
					<Add directory="..\utils" />
					<Add directory="..\include" />
					<Add directory="..\glFont" />
					<Add directory="..\freetype\include" />
					<Add directory="..\GUI" />
				</ResourceCompiler>
			</Target>
			<Target title="Release Win32">
				<Option output="GUITest" prefix_auto="1" extension_auto="1" />
				<Option object_output="Release Win32" />
				<Option type="1" />
				<Option compiler="gcc" />
				<Compiler>
					<Add option="-DWIN32" />
					<Add option="-DNDEBUG" />
					<Add option="-D_CONSOLE" />
					<Add option="-W" />
				</Compiler>
			</Target>
		</Build>
		<Unit filename="main.cpp" />
		<Unit filename="klass.h" />
		<Extensions>
			<code_completion />
			<envvars />
			<debugger />
		</Extensions>
	</Project>
</CodeBlocks_project_file>
