<?xml version="1.0" encoding="utf-8"?>
<Project ToolsVersion="4.0" xmlns="http://schemas.microsoft.com/developer/msbuild/2003">
  <ItemGroup>
    <Filter Include="Cameras">
      <UniqueIdentifier>{73a16ea1-aacd-4cb3-a73a-07ab4b58292b}</UniqueIdentifier>
    </Filter>
    <Filter Include="UI">
      <UniqueIdentifier>{7e05eaa5-338c-4aab-a833-b66b28dd1898}</UniqueIdentifier>
    </Filter>
    <Filter Include="SOIL">
      <UniqueIdentifier>{fb02f643-94e2-4580-8679-2aa94e7fcfcc}</UniqueIdentifier>
    </Filter>
    <Filter Include="UI\Misc">
      <UniqueIdentifier>{9e8926cb-3d3b-4465-969d-7d8d4f7be82b}</UniqueIdentifier>
    </Filter>
  </ItemGroup>
  <ItemGroup>
    <ClCompile Include="SOIL\image_DXT.c">
      <Filter>SOIL</Filter>
    </ClCompile>
    <ClCompile Include="SOIL\image_helper.c">
      <Filter>SOIL</Filter>
    </ClCompile>
    <ClCompile Include="SOIL\SOIL.c">
      <Filter>SOIL</Filter>
    </ClCompile>
    <ClCompile Include="SOIL\stb_image_aug.c">
      <Filter>SOIL</Filter>
    </ClCompile>
    <ClCompile Include="Actor.cpp">
      <Filter>UI</Filter>
    </ClCompile>
    <ClCompile Include="Stage.cpp">
      <Filter>UI</Filter>
    </ClCompile>
    <ClCompile Include="UI.cpp">
      <Filter>UI</Filter>
    </ClCompile>
    <ClCompile Include="ContextWin.cpp" />
    <ClCompile Include="Framework.cpp" />
    <ClCompile Include="Scheduler.cpp" />
    <ClCompile Include="ResourceHelpers.cpp" />
    <ClCompile Include="DefaultFontData.cpp">
      <Filter>UI\Misc</Filter>
    </ClCompile>
    <ClCompile Include="opengl.c" />
    <ClCompile Include="ScPlatform.cpp">
      <Filter>UI\Misc</Filter>
    </ClCompile>
    <ClCompile Include="ShaderEditOverlay.cpp">
      <Filter>UI\Misc</Filter>
    </ClCompile>
    <ClCompile Include="profiler.cpp" />
    <ClCompile Include="ProfilerOverlay.cpp">
      <Filter>UI\Misc</Filter>
    </ClCompile>
    <ClCompile Include="Timer.cpp" />
    <ClCompile Include="media_api.cpp" />
    <ClCompile Include="SpectatorCamera.cpp" />
    <ClCompile Include="CameraDirector.cpp" />
  </ItemGroup>
  <ItemGroup>
    <ClInclude Include="FirstPersonCamera.h">
      <Filter>Cameras</Filter>
    </ClInclude>
    <ClInclude Include="SOIL\image_DXT.h">
      <Filter>SOIL</Filter>
    </ClInclude>
    <ClInclude Include="SOIL\image_helper.h">
      <Filter>SOIL</Filter>
    </ClInclude>
    <ClInclude Include="SOIL\SOIL.h">
      <Filter>SOIL</Filter>
    </ClInclude>
    <ClInclude Include="SOIL\stb_image_aug.h">
      <Filter>SOIL</Filter>
    </ClInclude>
    <ClInclude Include="SOIL\stbi_DDS_aug.h">
      <Filter>SOIL</Filter>
    </ClInclude>
    <ClInclude Include="SOIL\stbi_DDS_aug_c.h">
      <Filter>SOIL</Filter>
    </ClInclude>
    <ClInclude Include="Actor.h">
      <Filter>UI</Filter>
    </ClInclude>
    <ClInclude Include="Container.h">
      <Filter>UI</Filter>
    </ClInclude>
    <ClInclude Include="Events.h">
      <Filter>UI</Filter>
    </ClInclude>
    <ClInclude Include="Stage.h">
      <Filter>UI</Filter>
    </ClInclude>
    <ClInclude Include="UI.h">
      <Filter>UI</Filter>
    </ClInclude>
    <ClInclude Include="Context.h" />
    <ClInclude Include="Framework.h" />
    <ClInclude Include="Scheduler.h" />
    <ClInclude Include="Timer.h" />
    <ClInclude Include="ResourceHelpers.h" />
    <ClInclude Include="DefaultFontData.h">
      <Filter>UI\Misc</Filter>
    </ClInclude>
    <ClInclude Include="ShaderEditOverlay.h">
      <Filter>UI\Misc</Filter>
    </ClInclude>
    <ClInclude Include="profiler.h" />
    <ClInclude Include="ProfilerOverlay.h">
      <Filter>UI\Misc</Filter>
    </ClInclude>
    <ClInclude Include="media_api.h" />
    <ClInclude Include="SpectatorCamera.h" />
    <ClInclude Include="CameraDirector.h" />
  </ItemGroup>
</Project>