<?xml version="1.0" encoding="utf-8"?>
<Project ToolsVersion="4.0" xmlns="http://schemas.microsoft.com/developer/msbuild/2003">
  <ItemGroup>
    <Filter Include="UI">
      <UniqueIdentifier>{7e05eaa5-338c-4aab-a833-b66b28dd1898}</UniqueIdentifier>
    </Filter>
    <Filter Include="SOIL">
      <UniqueIdentifier>{fb02f643-94e2-4580-8679-2aa94e7fcfcc}</UniqueIdentifier>
    </Filter>
  </ItemGroup>
  <ItemGroup>
    <ClCompile Include="SOIL\image_DXT.c">
      <Filter>SOIL</Filter>
    </ClCompile>
    <ClCompile Include="SOIL\image_helper.c">
      <Filter>SOIL</Filter>
    </ClCompile>
    <ClCompile Include="SOIL\SOIL.c">
      <Filter>SOIL</Filter>
    </ClCompile>
    <ClCompile Include="SOIL\stb_image_aug.c">
      <Filter>SOIL</Filter>
    </ClCompile>
    <ClCompile Include="Framework.cpp" />
    <ClCompile Include="Scheduler.cpp" />
    <ClCompile Include="ResourceHelpers.cpp" />
    <ClCompile Include="opengl.c" />
    <ClCompile Include="profiler.cpp" />
    <ClCompile Include="Timer.cpp" />
    <ClCompile Include="media_api.cpp" />
    <ClCompile Include="SpectatorCamera.cpp" />
    <ClCompile Include="CameraDirector.cpp" />
    <ClCompile Include="graphics.cpp" />
    <ClCompile Include="ui.cpp" />
    <ClCompile Include="DefaultFontData.cpp">
      <Filter>UI</Filter>
    </ClCompile>
    <ClCompile Include="ProfilerOverlay.cpp">
      <Filter>UI</Filter>
    </ClCompile>
    <ClCompile Include="ScPlatform.cpp">
      <Filter>UI</Filter>
    </ClCompile>
    <ClCompile Include="ShaderEditOverlay.cpp">
      <Filter>UI</Filter>
    </ClCompile>
  </ItemGroup>
  <ItemGroup>
    <ClInclude Include="SOIL\image_DXT.h">
      <Filter>SOIL</Filter>
    </ClInclude>
    <ClInclude Include="SOIL\image_helper.h">
      <Filter>SOIL</Filter>
    </ClInclude>
    <ClInclude Include="SOIL\SOIL.h">
      <Filter>SOIL</Filter>
    </ClInclude>
    <ClInclude Include="SOIL\stb_image_aug.h">
      <Filter>SOIL</Filter>
    </ClInclude>
    <ClInclude Include="SOIL\stbi_DDS_aug.h">
      <Filter>SOIL</Filter>
    </ClInclude>
    <ClInclude Include="SOIL\stbi_DDS_aug_c.h">
      <Filter>SOIL</Filter>
    </ClInclude>
    <ClInclude Include="Framework.h" />
    <ClInclude Include="Scheduler.h" />
    <ClInclude Include="Timer.h" />
    <ClInclude Include="ResourceHelpers.h" />
    <ClInclude Include="profiler.h" />
    <ClInclude Include="media_api.h" />
    <ClInclude Include="SpectatorCamera.h" />
    <ClInclude Include="CameraDirector.h" />
    <ClInclude Include="graphics.h" />
    <ClInclude Include="ui.h" />
    <ClInclude Include="ShaderEditOverlay.h">
      <Filter>UI</Filter>
    </ClInclude>
    <ClInclude Include="DefaultFontData.h">
      <Filter>UI</Filter>
    </ClInclude>
    <ClInclude Include="ProfilerOverlay.h">
      <Filter>UI</Filter>
    </ClInclude>
    <ClInclude Include="RainbowTables.h">
      <Filter>UI</Filter>
    </ClInclude>
  </ItemGroup>
</Project>