
Microsoft Visual Studio Solution File, Format Version 11.00
# Visual C++ Express 2010
Project("{8BC9CEB8-8B4A-11D0-8D11-00A0C91BC942}") = "VGTests", "Tests\VGTests\VGTests.vcxproj", "{2989F066-8D1A-4C39-B35B-28532B7FBE85}"
EndProject
Project("{8BC9CEB8-8B4A-11D0-8D11-00A0C91BC942}") = "Utils", "SDK\utils\Utils.vcxproj", "{176B584F-06B8-4986-A800-7B02CF813062}"
EndProject
Project("{8BC9CEB8-8B4A-11D0-8D11-00A0C91BC942}") = "VG", "SDK\VG\VG.vcxproj", "{0F3EA0C9-4231-432F-9FD9-92C54DC3F3C4}"
EndProject
Project("{8BC9CEB8-8B4A-11D0-8D11-00A0C91BC942}") = "Framework", "SDK\Framework\Framework.vcxproj", "{61F6A3D7-F203-40CA-95B6-FDE1ADEF0163}"
EndProject
Global
	GlobalSection(SolutionConfigurationPlatforms) = preSolution
		Debug|Win32 = Debug|Win32
		Release|Win32 = Release|Win32
	EndGlobalSection
	GlobalSection(ProjectConfigurationPlatforms) = postSolution
		{2989F066-8D1A-4C39-B35B-28532B7FBE85}.Debug|Win32.ActiveCfg = Debug|Win32
		{2989F066-8D1A-4C39-B35B-28532B7FBE85}.Debug|Win32.Build.0 = Debug|Win32
		{2989F066-8D1A-4C39-B35B-28532B7FBE85}.Release|Win32.ActiveCfg = Release|Win32
		{2989F066-8D1A-4C39-B35B-28532B7FBE85}.Release|Win32.Build.0 = Release|Win32
		{176B584F-06B8-4986-A800-7B02CF813062}.Debug|Win32.ActiveCfg = Debug|Win32
		{176B584F-06B8-4986-A800-7B02CF813062}.Debug|Win32.Build.0 = Debug|Win32
		{176B584F-06B8-4986-A800-7B02CF813062}.Release|Win32.ActiveCfg = Release|Win32
		{176B584F-06B8-4986-A800-7B02CF813062}.Release|Win32.Build.0 = Release|Win32
		{0F3EA0C9-4231-432F-9FD9-92C54DC3F3C4}.Debug|Win32.ActiveCfg = Debug|Win32
		{0F3EA0C9-4231-432F-9FD9-92C54DC3F3C4}.Debug|Win32.Build.0 = Debug|Win32
		{0F3EA0C9-4231-432F-9FD9-92C54DC3F3C4}.Release|Win32.ActiveCfg = Release|Win32
		{0F3EA0C9-4231-432F-9FD9-92C54DC3F3C4}.Release|Win32.Build.0 = Release|Win32
		{61F6A3D7-F203-40CA-95B6-FDE1ADEF0163}.Debug|Win32.ActiveCfg = Debug|Win32
		{61F6A3D7-F203-40CA-95B6-FDE1ADEF0163}.Debug|Win32.Build.0 = Debug|Win32
		{61F6A3D7-F203-40CA-95B6-FDE1ADEF0163}.Release|Win32.ActiveCfg = Release|Win32
		{61F6A3D7-F203-40CA-95B6-FDE1ADEF0163}.Release|Win32.Build.0 = Release|Win32
	EndGlobalSection
	GlobalSection(SolutionProperties) = preSolution
		HideSolutionNode = FALSE
	EndGlobalSection
EndGlobal
