Microsoft Visual Studio Solution File, Format Version 11.00
# Visual C++ Express 2010
Project("{8BC9CEB8-8B4A-11D0-8D11-00A0C91BC942}") = "Framework", "SDK\Framework\Framework.vcxproj", "{61F6A3D7-F203-40CA-95B6-FDE1ADEF0163}"
	ProjectSection(ProjectDependencies) = postProject
		{176B584F-06B8-4986-A800-7B02CF813062} = {176B584F-06B8-4986-A800-7B02CF813062}
		{0F3EA0C9-4231-432F-9FD9-92C54DC3F3C4} = {0F3EA0C9-4231-432F-9FD9-92C54DC3F3C4}
	EndProjectSection
	ProjectSection(WebsiteProperties) = preProject
		Debug.AspNetCompiler.Debug = "True"
		Release.AspNetCompiler.Debug = "False"
	EndProjectSection
EndProject
Project("{8BC9CEB8-8B4A-11D0-8D11-00A0C91BC942}") = "Utils", "SDK\utils\Utils.vcxproj", "{176B584F-06B8-4986-A800-7B02CF813062}"
	ProjectSection(WebsiteProperties) = preProject
		Debug.AspNetCompiler.Debug = "True"
		Release.AspNetCompiler.Debug = "False"
	EndProjectSection
EndProject
Project("{8BC9CEB8-8B4A-11D0-8D11-00A0C91BC942}") = "VGResearch", "Samples\VGResearch\VGResearch.vcxproj", "{21FAE24E-0F31-412F-A277-0043B1F69AA8}"
	ProjectSection(ProjectDependencies) = postProject
		{176B584F-06B8-4986-A800-7B02CF813062} = {176B584F-06B8-4986-A800-7B02CF813062}
		{0F3EA0C9-4231-432F-9FD9-92C54DC3F3C4} = {0F3EA0C9-4231-432F-9FD9-92C54DC3F3C4}
		{61F6A3D7-F203-40CA-95B6-FDE1ADEF0163} = {61F6A3D7-F203-40CA-95B6-FDE1ADEF0163}
	EndProjectSection
	ProjectSection(WebsiteProperties) = preProject
		Debug.AspNetCompiler.Debug = "True"
		Release.AspNetCompiler.Debug = "False"
	EndProjectSection
EndProject
Project("{8BC9CEB8-8B4A-11D0-8D11-00A0C91BC942}") = "frest", "Samples\frest\frest.vcxproj", "{814BDB66-E7F1-4E66-B2F4-3891EB66B9A4}"
	ProjectSection(ProjectDependencies) = postProject
		{61F6A3D7-F203-40CA-95B6-FDE1ADEF0163} = {61F6A3D7-F203-40CA-95B6-FDE1ADEF0163}
	EndProjectSection
	ProjectSection(WebsiteProperties) = preProject
		Debug.AspNetCompiler.Debug = "True"
		Release.AspNetCompiler.Debug = "False"
	EndProjectSection
EndProject
Project("{8BC9CEB8-8B4A-11D0-8D11-00A0C91BC942}") = "exest", "Samples\exest\exest.vcxproj", "{701F7AFE-EC33-4B05-9388-2226A3B3229D}"
	ProjectSection(ProjectDependencies) = postProject
		{176B584F-06B8-4986-A800-7B02CF813062} = {176B584F-06B8-4986-A800-7B02CF813062}
		{0F3EA0C9-4231-432F-9FD9-92C54DC3F3C4} = {0F3EA0C9-4231-432F-9FD9-92C54DC3F3C4}
		{61F6A3D7-F203-40CA-95B6-FDE1ADEF0163} = {61F6A3D7-F203-40CA-95B6-FDE1ADEF0163}
	EndProjectSection
	ProjectSection(WebsiteProperties) = preProject
		Debug.AspNetCompiler.Debug = "True"
		Release.AspNetCompiler.Debug = "False"
	EndProjectSection
EndProject
Project("{8BC9CEB8-8B4A-11D0-8D11-00A0C91BC942}") = "VG", "SDK\VG\VG.vcxproj", "{0F3EA0C9-4231-432F-9FD9-92C54DC3F3C4}"
	ProjectSection(WebsiteProperties) = preProject
		Debug.AspNetCompiler.Debug = "True"
		Release.AspNetCompiler.Debug = "False"
	EndProjectSection
EndProject
Project("{8BC9CEB8-8B4A-11D0-8D11-00A0C91BC942}") = "SchedulerDev", "Samples\SchedulerDev\SchedulerDev.vcxproj", "{FFD5DFED-36DA-4941-AA69-C4BBA5ADC754}"
	ProjectSection(ProjectDependencies) = postProject
		{176B584F-06B8-4986-A800-7B02CF813062} = {176B584F-06B8-4986-A800-7B02CF813062}
		{61F6A3D7-F203-40CA-95B6-FDE1ADEF0163} = {61F6A3D7-F203-40CA-95B6-FDE1ADEF0163}
	EndProjectSection
EndProject
Project("{8BC9CEB8-8B4A-11D0-8D11-00A0C91BC942}") = "AO", "Samples\AO\AO.vcxproj", "{F9605E64-D3F7-48DA-8D15-4CBF362161D1}"
	ProjectSection(ProjectDependencies) = postProject
		{176B584F-06B8-4986-A800-7B02CF813062} = {176B584F-06B8-4986-A800-7B02CF813062}
		{0F3EA0C9-4231-432F-9FD9-92C54DC3F3C4} = {0F3EA0C9-4231-432F-9FD9-92C54DC3F3C4}
		{61F6A3D7-F203-40CA-95B6-FDE1ADEF0163} = {61F6A3D7-F203-40CA-95B6-FDE1ADEF0163}
	EndProjectSection
EndProject
Project("{8BC9CEB8-8B4A-11D0-8D11-00A0C91BC942}") = "Video", "Samples\Video\Video.vcxproj", "{3B5EC04A-DDDB-4760-B264-9043388B9F76}"
	ProjectSection(ProjectDependencies) = postProject
		{176B584F-06B8-4986-A800-7B02CF813062} = {176B584F-06B8-4986-A800-7B02CF813062}
		{0F3EA0C9-4231-432F-9FD9-92C54DC3F3C4} = {0F3EA0C9-4231-432F-9FD9-92C54DC3F3C4}
		{61F6A3D7-F203-40CA-95B6-FDE1ADEF0163} = {61F6A3D7-F203-40CA-95B6-FDE1ADEF0163}
	EndProjectSection
EndProject
Project("{8BC9CEB8-8B4A-11D0-8D11-00A0C91BC942}") = "VGTest", "Samples\VGTest\VGTest.vcxproj", "{A054C2CB-C9D9-403E-8FD5-2BDA150117A6}"
	ProjectSection(ProjectDependencies) = postProject
		{176B584F-06B8-4986-A800-7B02CF813062} = {176B584F-06B8-4986-A800-7B02CF813062}
		{0F3EA0C9-4231-432F-9FD9-92C54DC3F3C4} = {0F3EA0C9-4231-432F-9FD9-92C54DC3F3C4}
		{61F6A3D7-F203-40CA-95B6-FDE1ADEF0163} = {61F6A3D7-F203-40CA-95B6-FDE1ADEF0163}
	EndProjectSection
EndProject
Project("{8BC9CEB8-8B4A-11D0-8D11-00A0C91BC942}") = "ScriptUI", "Samples\ScriptUI\ScriptUI.vcxproj", "{F59FE6BE-ABE5-48AE-9FCC-D2F5C6A61411}"
EndProject
Project("{8BC9CEB8-8B4A-11D0-8D11-00A0C91BC942}") = "Clock", "Samples\Clock\Clock.vcxproj", "{378D89DF-F490-4D86-B042-56CBD9B04FAA}"
	ProjectSection(ProjectDependencies) = postProject
		{176B584F-06B8-4986-A800-7B02CF813062} = {176B584F-06B8-4986-A800-7B02CF813062}
		{0F3EA0C9-4231-432F-9FD9-92C54DC3F3C4} = {0F3EA0C9-4231-432F-9FD9-92C54DC3F3C4}
		{61F6A3D7-F203-40CA-95B6-FDE1ADEF0163} = {61F6A3D7-F203-40CA-95B6-FDE1ADEF0163}
	EndProjectSection
EndProject
Project("{8BC9CEB8-8B4A-11D0-8D11-00A0C91BC942}") = "SVGRendering", "Samples\SVGRendering\SVGRendering.vcxproj", "{0F479481-9CEC-4B26-A1FC-1758485BF01C}"
	ProjectSection(ProjectDependencies) = postProject
		{176B584F-06B8-4986-A800-7B02CF813062} = {176B584F-06B8-4986-A800-7B02CF813062}
		{0F3EA0C9-4231-432F-9FD9-92C54DC3F3C4} = {0F3EA0C9-4231-432F-9FD9-92C54DC3F3C4}
		{61F6A3D7-F203-40CA-95B6-FDE1ADEF0163} = {61F6A3D7-F203-40CA-95B6-FDE1ADEF0163}
	EndProjectSection
EndProject
Project("{8BC9CEB8-8B4A-11D0-8D11-00A0C91BC942}") = "physis", "Samples\physis\physis.vcxproj", "{BEAEDA76-1FD1-4504-A268-A992EF51DED5}"
	ProjectSection(ProjectDependencies) = postProject
		{176B584F-06B8-4986-A800-7B02CF813062} = {176B584F-06B8-4986-A800-7B02CF813062}
		{0F3EA0C9-4231-432F-9FD9-92C54DC3F3C4} = {0F3EA0C9-4231-432F-9FD9-92C54DC3F3C4}
		{61F6A3D7-F203-40CA-95B6-FDE1ADEF0163} = {61F6A3D7-F203-40CA-95B6-FDE1ADEF0163}
	EndProjectSection
EndProject
Project("{8BC9CEB8-8B4A-11D0-8D11-00A0C91BC942}") = "Anima", "Samples\Anima\Anima.vcxproj", "{625C1AA6-EC9B-4D14-A252-733EC9852281}"
	ProjectSection(ProjectDependencies) = postProject
		{176B584F-06B8-4986-A800-7B02CF813062} = {176B584F-06B8-4986-A800-7B02CF813062}
		{0F3EA0C9-4231-432F-9FD9-92C54DC3F3C4} = {0F3EA0C9-4231-432F-9FD9-92C54DC3F3C4}
		{61F6A3D7-F203-40CA-95B6-FDE1ADEF0163} = {61F6A3D7-F203-40CA-95B6-FDE1ADEF0163}
	EndProjectSection
EndProject
Project("{8BC9CEB8-8B4A-11D0-8D11-00A0C91BC942}") = "UIDemo", "Samples\UIDemo\UIDemo.vcxproj", "{DE757721-DDED-4EEC-95B9-3A954B1EDFB4}"
EndProject
Global
	GlobalSection(SolutionConfigurationPlatforms) = preSolution
		Debug|Win32 = Debug|Win32
		Release|Win32 = Release|Win32
	EndGlobalSection
	GlobalSection(ProjectConfigurationPlatforms) = postSolution
		{61F6A3D7-F203-40CA-95B6-FDE1ADEF0163}.Debug|Win32.ActiveCfg = Debug|Win32
		{61F6A3D7-F203-40CA-95B6-FDE1ADEF0163}.Debug|Win32.Build.0 = Debug|Win32
		{61F6A3D7-F203-40CA-95B6-FDE1ADEF0163}.Release|Win32.ActiveCfg = Release|Win32
		{61F6A3D7-F203-40CA-95B6-FDE1ADEF0163}.Release|Win32.Build.0 = Release|Win32
		{176B584F-06B8-4986-A800-7B02CF813062}.Debug|Win32.ActiveCfg = Debug|Win32
		{176B584F-06B8-4986-A800-7B02CF813062}.Debug|Win32.Build.0 = Debug|Win32
		{176B584F-06B8-4986-A800-7B02CF813062}.Release|Win32.ActiveCfg = Release|Win32
		{176B584F-06B8-4986-A800-7B02CF813062}.Release|Win32.Build.0 = Release|Win32
		{21FAE24E-0F31-412F-A277-0043B1F69AA8}.Debug|Win32.ActiveCfg = Debug|Win32
		{21FAE24E-0F31-412F-A277-0043B1F69AA8}.Debug|Win32.Build.0 = Debug|Win32
		{21FAE24E-0F31-412F-A277-0043B1F69AA8}.Release|Win32.ActiveCfg = Release|Win32
		{21FAE24E-0F31-412F-A277-0043B1F69AA8}.Release|Win32.Build.0 = Release|Win32
		{814BDB66-E7F1-4E66-B2F4-3891EB66B9A4}.Debug|Win32.ActiveCfg = Debug|Win32
		{814BDB66-E7F1-4E66-B2F4-3891EB66B9A4}.Debug|Win32.Build.0 = Debug|Win32
		{814BDB66-E7F1-4E66-B2F4-3891EB66B9A4}.Release|Win32.ActiveCfg = Release|Win32
		{814BDB66-E7F1-4E66-B2F4-3891EB66B9A4}.Release|Win32.Build.0 = Release|Win32
		{701F7AFE-EC33-4B05-9388-2226A3B3229D}.Debug|Win32.ActiveCfg = Debug|Win32
		{701F7AFE-EC33-4B05-9388-2226A3B3229D}.Debug|Win32.Build.0 = Debug|Win32
		{701F7AFE-EC33-4B05-9388-2226A3B3229D}.Release|Win32.ActiveCfg = Release|Win32
		{701F7AFE-EC33-4B05-9388-2226A3B3229D}.Release|Win32.Build.0 = Release|Win32
		{0F3EA0C9-4231-432F-9FD9-92C54DC3F3C4}.Debug|Win32.ActiveCfg = Debug|Win32
		{0F3EA0C9-4231-432F-9FD9-92C54DC3F3C4}.Debug|Win32.Build.0 = Debug|Win32
		{0F3EA0C9-4231-432F-9FD9-92C54DC3F3C4}.Release|Win32.ActiveCfg = Release|Win32
		{0F3EA0C9-4231-432F-9FD9-92C54DC3F3C4}.Release|Win32.Build.0 = Release|Win32
		{FFD5DFED-36DA-4941-AA69-C4BBA5ADC754}.Debug|Win32.ActiveCfg = Debug|Win32
		{FFD5DFED-36DA-4941-AA69-C4BBA5ADC754}.Debug|Win32.Build.0 = Debug|Win32
		{FFD5DFED-36DA-4941-AA69-C4BBA5ADC754}.Release|Win32.ActiveCfg = Release|Win32
		{FFD5DFED-36DA-4941-AA69-C4BBA5ADC754}.Release|Win32.Build.0 = Release|Win32
		{F9605E64-D3F7-48DA-8D15-4CBF362161D1}.Debug|Win32.ActiveCfg = Debug|Win32
		{F9605E64-D3F7-48DA-8D15-4CBF362161D1}.Debug|Win32.Build.0 = Debug|Win32
		{F9605E64-D3F7-48DA-8D15-4CBF362161D1}.Release|Win32.ActiveCfg = Release|Win32
		{F9605E64-D3F7-48DA-8D15-4CBF362161D1}.Release|Win32.Build.0 = Release|Win32
		{3B5EC04A-DDDB-4760-B264-9043388B9F76}.Debug|Win32.ActiveCfg = Debug|Win32
		{3B5EC04A-DDDB-4760-B264-9043388B9F76}.Debug|Win32.Build.0 = Debug|Win32
		{3B5EC04A-DDDB-4760-B264-9043388B9F76}.Release|Win32.ActiveCfg = Release|Win32
		{3B5EC04A-DDDB-4760-B264-9043388B9F76}.Release|Win32.Build.0 = Release|Win32
		{A054C2CB-C9D9-403E-8FD5-2BDA150117A6}.Debug|Win32.ActiveCfg = Debug|Win32
		{A054C2CB-C9D9-403E-8FD5-2BDA150117A6}.Debug|Win32.Build.0 = Debug|Win32
		{A054C2CB-C9D9-403E-8FD5-2BDA150117A6}.Release|Win32.ActiveCfg = Release|Win32
		{A054C2CB-C9D9-403E-8FD5-2BDA150117A6}.Release|Win32.Build.0 = Release|Win32
		{F59FE6BE-ABE5-48AE-9FCC-D2F5C6A61411}.Debug|Win32.ActiveCfg = Debug|Win32
		{F59FE6BE-ABE5-48AE-9FCC-D2F5C6A61411}.Debug|Win32.Build.0 = Debug|Win32
		{F59FE6BE-ABE5-48AE-9FCC-D2F5C6A61411}.Release|Win32.ActiveCfg = Release|Win32
		{F59FE6BE-ABE5-48AE-9FCC-D2F5C6A61411}.Release|Win32.Build.0 = Release|Win32
		{378D89DF-F490-4D86-B042-56CBD9B04FAA}.Debug|Win32.ActiveCfg = Debug|Win32
		{378D89DF-F490-4D86-B042-56CBD9B04FAA}.Debug|Win32.Build.0 = Debug|Win32
		{378D89DF-F490-4D86-B042-56CBD9B04FAA}.Release|Win32.ActiveCfg = Release|Win32
		{378D89DF-F490-4D86-B042-56CBD9B04FAA}.Release|Win32.Build.0 = Release|Win32
		{0F479481-9CEC-4B26-A1FC-1758485BF01C}.Debug|Win32.ActiveCfg = Debug|Win32
		{0F479481-9CEC-4B26-A1FC-1758485BF01C}.Debug|Win32.Build.0 = Debug|Win32
		{0F479481-9CEC-4B26-A1FC-1758485BF01C}.Release|Win32.ActiveCfg = Release|Win32
		{0F479481-9CEC-4B26-A1FC-1758485BF01C}.Release|Win32.Build.0 = Release|Win32
		{BEAEDA76-1FD1-4504-A268-A992EF51DED5}.Debug|Win32.ActiveCfg = Debug|Win32
		{BEAEDA76-1FD1-4504-A268-A992EF51DED5}.Debug|Win32.Build.0 = Debug|Win32
		{BEAEDA76-1FD1-4504-A268-A992EF51DED5}.Release|Win32.ActiveCfg = Release|Win32
		{BEAEDA76-1FD1-4504-A268-A992EF51DED5}.Release|Win32.Build.0 = Release|Win32
		{625C1AA6-EC9B-4D14-A252-733EC9852281}.Debug|Win32.ActiveCfg = Debug|Win32
		{625C1AA6-EC9B-4D14-A252-733EC9852281}.Debug|Win32.Build.0 = Debug|Win32
		{625C1AA6-EC9B-4D14-A252-733EC9852281}.Release|Win32.ActiveCfg = Release|Win32
		{625C1AA6-EC9B-4D14-A252-733EC9852281}.Release|Win32.Build.0 = Release|Win32
		{DE757721-DDED-4EEC-95B9-3A954B1EDFB4}.Debug|Win32.ActiveCfg = Debug|Win32
		{DE757721-DDED-4EEC-95B9-3A954B1EDFB4}.Debug|Win32.Build.0 = Debug|Win32
		{DE757721-DDED-4EEC-95B9-3A954B1EDFB4}.Release|Win32.ActiveCfg = Release|Win32
		{DE757721-DDED-4EEC-95B9-3A954B1EDFB4}.Release|Win32.Build.0 = Release|Win32
	EndGlobalSection
	GlobalSection(SolutionProperties) = preSolution
		HideSolutionNode = FALSE
	EndGlobalSection
	GlobalSection(DPCodeReviewSolutionGUID) = preSolution
		DPCodeReviewSolutionGUID = {00000000-0000-0000-0000-000000000000}
	EndGlobalSection
EndGlobal
