Microsoft Visual Studio Solution File, Format Version 11.00
# Visual Studio 2010
Project("{8BC9CEB8-8B4A-11D0-8D11-00A0C91BC942}") = "Framework", "SDK\Framework\Framework.vcxproj", "{61F6A3D7-F203-40CA-95B6-FDE1ADEF0163}"
	ProjectSection(WebsiteProperties) = preProject
		Debug.AspNetCompiler.Debug = "True"
		Release.AspNetCompiler.Debug = "False"
	EndProjectSection
EndProject
Project("{8BC9CEB8-8B4A-11D0-8D11-00A0C91BC942}") = "Utils", "SDK\utils\Utils.vcxproj", "{176B584F-06B8-4986-A800-7B02CF813062}"
	ProjectSection(WebsiteProperties) = preProject
		Debug.AspNetCompiler.Debug = "True"
		Release.AspNetCompiler.Debug = "False"
	EndProjectSection
EndProject
Project("{8BC9CEB8-8B4A-11D0-8D11-00A0C91BC942}") = "glClasses", "SDK\glClasses\glClasses.vcxproj", "{1189BB67-679F-4FBC-ACA1-25651DDD26BA}"
	ProjectSection(WebsiteProperties) = preProject
		Debug.AspNetCompiler.Debug = "True"
		Release.AspNetCompiler.Debug = "False"
	EndProjectSection
EndProject
Project("{8BC9CEB8-8B4A-11D0-8D11-00A0C91BC942}") = "VGResearch", "Samples\VGResearch\VGResearch.vcxproj", "{21FAE24E-0F31-412F-A277-0043B1F69AA8}"
	ProjectSection(WebsiteProperties) = preProject
		Debug.AspNetCompiler.Debug = "True"
		Release.AspNetCompiler.Debug = "False"
	EndProjectSection
EndProject
Project("{8BC9CEB8-8B4A-11D0-8D11-00A0C91BC942}") = "GUISample", "Samples\GUISample\GUISample.vcxproj", "{512DE626-21F2-4593-B3EE-34DE8385D93F}"
	ProjectSection(WebsiteProperties) = preProject
		Debug.AspNetCompiler.Debug = "True"
		Release.AspNetCompiler.Debug = "False"
	EndProjectSection
EndProject
Project("{8BC9CEB8-8B4A-11D0-8D11-00A0C91BC942}") = "frest", "Samples\frest\frest.vcxproj", "{814BDB66-E7F1-4E66-B2F4-3891EB66B9A4}"
	ProjectSection(ProjectDependencies) = postProject
		{61F6A3D7-F203-40CA-95B6-FDE1ADEF0163} = {61F6A3D7-F203-40CA-95B6-FDE1ADEF0163}
	EndProjectSection
	ProjectSection(WebsiteProperties) = preProject
		Debug.AspNetCompiler.Debug = "True"
		Release.AspNetCompiler.Debug = "False"
	EndProjectSection
EndProject
Project("{8BC9CEB8-8B4A-11D0-8D11-00A0C91BC942}") = "exest", "Samples\exest\exest.vcxproj", "{701F7AFE-EC33-4B05-9388-2226A3B3229D}"
	ProjectSection(WebsiteProperties) = preProject
		Debug.AspNetCompiler.Debug = "True"
		Release.AspNetCompiler.Debug = "False"
	EndProjectSection
EndProject
Project("{8BC9CEB8-8B4A-11D0-8D11-00A0C91BC942}") = "VFS++", "SDK\VFS++\VFS++.vcxproj", "{34F2CB23-8132-4955-B77D-32CF9D1300A3}"
	ProjectSection(WebsiteProperties) = preProject
		Debug.AspNetCompiler.Debug = "True"
		Release.AspNetCompiler.Debug = "False"
	EndProjectSection
EndProject
Project("{8BC9CEB8-8B4A-11D0-8D11-00A0C91BC942}") = "VFSSample", "Samples\VFSSample\VFSSample.vcxproj", "{DC49E3E2-82B1-4F84-9451-D22EB0DA105F}"
	ProjectSection(WebsiteProperties) = preProject
		Debug.AspNetCompiler.Debug = "True"
		Release.AspNetCompiler.Debug = "False"
	EndProjectSection
EndProject
Project("{8BC9CEB8-8B4A-11D0-8D11-00A0C91BC942}") = "VG", "SDK\VG\VG.vcxproj", "{0F3EA0C9-4231-432F-9FD9-92C54DC3F3C4}"
	ProjectSection(WebsiteProperties) = preProject
		Debug.AspNetCompiler.Debug = "True"
		Release.AspNetCompiler.Debug = "False"
	EndProjectSection
EndProject
Project("{8BC9CEB8-8B4A-11D0-8D11-00A0C91BC942}") = "freetype", "SDK\External\freetype\builds\win32\visualc\freetype.vcxproj", "{78B079BD-9FC7-4B9E-B4A6-96DA0F00248B}"
EndProject
Project("{8BC9CEB8-8B4A-11D0-8D11-00A0C91BC942}") = "glFont", "SDK\External\glFont\glFont.vcxproj", "{FAFB97F9-712C-47F3-8BE2-F259FED45C5A}"
EndProject
Project("{8BC9CEB8-8B4A-11D0-8D11-00A0C91BC942}") = "PhysFS", "SDK\External\PhysFS\PhysFS.vcxproj", "{242667CF-FE79-459F-BAF1-19C6C6C95342}"
EndProject
Project("{8BC9CEB8-8B4A-11D0-8D11-00A0C91BC942}") = "SDL", "SDK\External\SDL\VisualC\SDL\SDL.vcxproj", "{81CE8DAF-EBB2-4761-8E45-B71ABCCA8C68}"
EndProject
Project("{8BC9CEB8-8B4A-11D0-8D11-00A0C91BC942}") = "SDLmain", "SDK\External\SDL\VisualC\SDLmain\SDLmain.vcxproj", "{DA956FD3-E142-46F2-9DD5-C78BEBB56B7A}"
EndProject
Project("{8BC9CEB8-8B4A-11D0-8D11-00A0C91BC942}") = "SchedulerDev", "Samples\SchedulerDev\SchedulerDev.vcxproj", "{FFD5DFED-36DA-4941-AA69-C4BBA5ADC754}"
	ProjectSection(ProjectDependencies) = postProject
		{81CE8DAF-EBB2-4761-8E45-B71ABCCA8C68} = {81CE8DAF-EBB2-4761-8E45-B71ABCCA8C68}
		{DA956FD3-E142-46F2-9DD5-C78BEBB56B7A} = {DA956FD3-E142-46F2-9DD5-C78BEBB56B7A}
	EndProjectSection
EndProject
Project("{8BC9CEB8-8B4A-11D0-8D11-00A0C91BC942}") = "3D", "Samples\3D\3D.vcxproj", "{2AE33CF6-D774-4CC4-AA7C-30465A8E4CFE}"
EndProject
Project("{8BC9CEB8-8B4A-11D0-8D11-00A0C91BC942}") = "AO", "Samples\AO\AO.vcxproj", "{F9605E64-D3F7-48DA-8D15-4CBF362161D1}"
EndProject
Project("{8BC9CEB8-8B4A-11D0-8D11-00A0C91BC942}") = "Video", "Samples\Video\Video.vcxproj", "{3B5EC04A-DDDB-4760-B264-9043388B9F76}"
	ProjectSection(ProjectDependencies) = postProject
		{34F2CB23-8132-4955-B77D-32CF9D1300A3} = {34F2CB23-8132-4955-B77D-32CF9D1300A3}
		{242667CF-FE79-459F-BAF1-19C6C6C95342} = {242667CF-FE79-459F-BAF1-19C6C6C95342}
	EndProjectSection
EndProject
Project("{8BC9CEB8-8B4A-11D0-8D11-00A0C91BC942}") = "VGTest", "Samples\VGTest\VGTest.vcxproj", "{A054C2CB-C9D9-403E-8FD5-2BDA150117A6}"
	ProjectSection(ProjectDependencies) = postProject
		{34F2CB23-8132-4955-B77D-32CF9D1300A3} = {34F2CB23-8132-4955-B77D-32CF9D1300A3}
		{176B584F-06B8-4986-A800-7B02CF813062} = {176B584F-06B8-4986-A800-7B02CF813062}
		{1189BB67-679F-4FBC-ACA1-25651DDD26BA} = {1189BB67-679F-4FBC-ACA1-25651DDD26BA}
		{81CE8DAF-EBB2-4761-8E45-B71ABCCA8C68} = {81CE8DAF-EBB2-4761-8E45-B71ABCCA8C68}
		{0F3EA0C9-4231-432F-9FD9-92C54DC3F3C4} = {0F3EA0C9-4231-432F-9FD9-92C54DC3F3C4}
		{DA956FD3-E142-46F2-9DD5-C78BEBB56B7A} = {DA956FD3-E142-46F2-9DD5-C78BEBB56B7A}
		{61F6A3D7-F203-40CA-95B6-FDE1ADEF0163} = {61F6A3D7-F203-40CA-95B6-FDE1ADEF0163}
		{FAFB97F9-712C-47F3-8BE2-F259FED45C5A} = {FAFB97F9-712C-47F3-8BE2-F259FED45C5A}
	EndProjectSection
EndProject
Project("{8BC9CEB8-8B4A-11D0-8D11-00A0C91BC942}") = "FontTest", "Samples\FontTest\FontTest.vcxproj", "{CE7F30C9-AF70-46B7-8879-6DD1F78E8BD5}"
EndProject
Project("{8BC9CEB8-8B4A-11D0-8D11-00A0C91BC942}") = "squirrel", "SDK\External\squirrel\squirrel\squirrel.vcxproj", "{D08A11B9-EA37-4D8B-945F-B3D1006C78D9}"
EndProject
Project("{8BC9CEB8-8B4A-11D0-8D11-00A0C91BC942}") = "ScriptUI", "Samples\ScriptUI\ScriptUI.vcxproj", "{F59FE6BE-ABE5-48AE-9FCC-D2F5C6A61411}"
	ProjectSection(ProjectDependencies) = postProject
		{D08A11B9-EA37-4D8B-945F-B3D1006C78D9} = {D08A11B9-EA37-4D8B-945F-B3D1006C78D9}
	EndProjectSection
EndProject
Project("{8BC9CEB8-8B4A-11D0-8D11-00A0C91BC942}") = "Flash", "Samples\Flash\Flash.vcxproj", "{8956BE42-FE05-480E-8E34-2B9C5D3DFA91}"
EndProject
Project("{8BC9CEB8-8B4A-11D0-8D11-00A0C91BC942}") = "zlib", "SDK\External\zlib\win32\zlib.vcxproj", "{BB574242-C804-4CC8-A083-171332E77101}"
EndProject
Project("{8BC9CEB8-8B4A-11D0-8D11-00A0C91BC942}") = "Clock", "Samples\Clock\Clock.vcxproj", "{378D89DF-F490-4D86-B042-56CBD9B04FAA}"
EndProject
Project("{8BC9CEB8-8B4A-11D0-8D11-00A0C91BC942}") = "SVGRendering", "Samples\SVGRendering\SVGRendering.vcxproj", "{0F479481-9CEC-4B26-A1FC-1758485BF01C}"
	ProjectSection(ProjectDependencies) = postProject
		{0F3EA0C9-4231-432F-9FD9-92C54DC3F3C4} = {0F3EA0C9-4231-432F-9FD9-92C54DC3F3C4}
		{61F6A3D7-F203-40CA-95B6-FDE1ADEF0163} = {61F6A3D7-F203-40CA-95B6-FDE1ADEF0163}
	EndProjectSection
EndProject
Global
	GlobalSection(SolutionConfigurationPlatforms) = preSolution
		Debug|Win32 = Debug|Win32
		Release_NoSTDIO|Win32 = Release_NoSTDIO|Win32
		Release|Win32 = Release|Win32
	EndGlobalSection
	GlobalSection(ProjectConfigurationPlatforms) = postSolution
		{61F6A3D7-F203-40CA-95B6-FDE1ADEF0163}.Debug|Win32.ActiveCfg = Debug|Win32
		{61F6A3D7-F203-40CA-95B6-FDE1ADEF0163}.Debug|Win32.Build.0 = Debug|Win32
		{61F6A3D7-F203-40CA-95B6-FDE1ADEF0163}.Release_NoSTDIO|Win32.ActiveCfg = Release|Win32
		{61F6A3D7-F203-40CA-95B6-FDE1ADEF0163}.Release_NoSTDIO|Win32.Build.0 = Release|Win32
		{61F6A3D7-F203-40CA-95B6-FDE1ADEF0163}.Release|Win32.ActiveCfg = Release|Win32
		{61F6A3D7-F203-40CA-95B6-FDE1ADEF0163}.Release|Win32.Build.0 = Release|Win32
		{176B584F-06B8-4986-A800-7B02CF813062}.Debug|Win32.ActiveCfg = Debug|Win32
		{176B584F-06B8-4986-A800-7B02CF813062}.Debug|Win32.Build.0 = Debug|Win32
		{176B584F-06B8-4986-A800-7B02CF813062}.Release_NoSTDIO|Win32.ActiveCfg = Release|Win32
		{176B584F-06B8-4986-A800-7B02CF813062}.Release_NoSTDIO|Win32.Build.0 = Release|Win32
		{176B584F-06B8-4986-A800-7B02CF813062}.Release|Win32.ActiveCfg = Release|Win32
		{176B584F-06B8-4986-A800-7B02CF813062}.Release|Win32.Build.0 = Release|Win32
		{1189BB67-679F-4FBC-ACA1-25651DDD26BA}.Debug|Win32.ActiveCfg = Debug|Win32
		{1189BB67-679F-4FBC-ACA1-25651DDD26BA}.Debug|Win32.Build.0 = Debug|Win32
		{1189BB67-679F-4FBC-ACA1-25651DDD26BA}.Release_NoSTDIO|Win32.ActiveCfg = Release|Win32
		{1189BB67-679F-4FBC-ACA1-25651DDD26BA}.Release_NoSTDIO|Win32.Build.0 = Release|Win32
		{1189BB67-679F-4FBC-ACA1-25651DDD26BA}.Release|Win32.ActiveCfg = Release|Win32
		{1189BB67-679F-4FBC-ACA1-25651DDD26BA}.Release|Win32.Build.0 = Release|Win32
		{21FAE24E-0F31-412F-A277-0043B1F69AA8}.Debug|Win32.ActiveCfg = Debug|Win32
		{21FAE24E-0F31-412F-A277-0043B1F69AA8}.Debug|Win32.Build.0 = Debug|Win32
		{21FAE24E-0F31-412F-A277-0043B1F69AA8}.Release_NoSTDIO|Win32.ActiveCfg = Release|Win32
		{21FAE24E-0F31-412F-A277-0043B1F69AA8}.Release_NoSTDIO|Win32.Build.0 = Release|Win32
		{21FAE24E-0F31-412F-A277-0043B1F69AA8}.Release|Win32.ActiveCfg = Release|Win32
		{21FAE24E-0F31-412F-A277-0043B1F69AA8}.Release|Win32.Build.0 = Release|Win32
		{512DE626-21F2-4593-B3EE-34DE8385D93F}.Debug|Win32.ActiveCfg = Debug|Win32
		{512DE626-21F2-4593-B3EE-34DE8385D93F}.Debug|Win32.Build.0 = Debug|Win32
		{512DE626-21F2-4593-B3EE-34DE8385D93F}.Release_NoSTDIO|Win32.ActiveCfg = Release|Win32
		{512DE626-21F2-4593-B3EE-34DE8385D93F}.Release_NoSTDIO|Win32.Build.0 = Release|Win32
		{512DE626-21F2-4593-B3EE-34DE8385D93F}.Release|Win32.ActiveCfg = Release|Win32
		{512DE626-21F2-4593-B3EE-34DE8385D93F}.Release|Win32.Build.0 = Release|Win32
		{814BDB66-E7F1-4E66-B2F4-3891EB66B9A4}.Debug|Win32.ActiveCfg = Debug|Win32
		{814BDB66-E7F1-4E66-B2F4-3891EB66B9A4}.Debug|Win32.Build.0 = Debug|Win32
		{814BDB66-E7F1-4E66-B2F4-3891EB66B9A4}.Release_NoSTDIO|Win32.ActiveCfg = Release|Win32
		{814BDB66-E7F1-4E66-B2F4-3891EB66B9A4}.Release|Win32.ActiveCfg = Release|Win32
		{814BDB66-E7F1-4E66-B2F4-3891EB66B9A4}.Release|Win32.Build.0 = Release|Win32
		{701F7AFE-EC33-4B05-9388-2226A3B3229D}.Debug|Win32.ActiveCfg = Debug|Win32
		{701F7AFE-EC33-4B05-9388-2226A3B3229D}.Debug|Win32.Build.0 = Debug|Win32
		{701F7AFE-EC33-4B05-9388-2226A3B3229D}.Release_NoSTDIO|Win32.ActiveCfg = Release|Win32
		{701F7AFE-EC33-4B05-9388-2226A3B3229D}.Release|Win32.ActiveCfg = Release|Win32
		{701F7AFE-EC33-4B05-9388-2226A3B3229D}.Release|Win32.Build.0 = Release|Win32
		{34F2CB23-8132-4955-B77D-32CF9D1300A3}.Debug|Win32.ActiveCfg = Debug|Win32
		{34F2CB23-8132-4955-B77D-32CF9D1300A3}.Debug|Win32.Build.0 = Debug|Win32
		{34F2CB23-8132-4955-B77D-32CF9D1300A3}.Release_NoSTDIO|Win32.ActiveCfg = Release|Win32
		{34F2CB23-8132-4955-B77D-32CF9D1300A3}.Release_NoSTDIO|Win32.Build.0 = Release|Win32
		{34F2CB23-8132-4955-B77D-32CF9D1300A3}.Release|Win32.ActiveCfg = Release|Win32
		{34F2CB23-8132-4955-B77D-32CF9D1300A3}.Release|Win32.Build.0 = Release|Win32
		{DC49E3E2-82B1-4F84-9451-D22EB0DA105F}.Debug|Win32.ActiveCfg = Debug|Win32
		{DC49E3E2-82B1-4F84-9451-D22EB0DA105F}.Debug|Win32.Build.0 = Debug|Win32
		{DC49E3E2-82B1-4F84-9451-D22EB0DA105F}.Release_NoSTDIO|Win32.ActiveCfg = Release|Win32
		{DC49E3E2-82B1-4F84-9451-D22EB0DA105F}.Release_NoSTDIO|Win32.Build.0 = Release|Win32
		{DC49E3E2-82B1-4F84-9451-D22EB0DA105F}.Release|Win32.ActiveCfg = Release|Win32
		{DC49E3E2-82B1-4F84-9451-D22EB0DA105F}.Release|Win32.Build.0 = Release|Win32
		{0F3EA0C9-4231-432F-9FD9-92C54DC3F3C4}.Debug|Win32.ActiveCfg = Debug|Win32
		{0F3EA0C9-4231-432F-9FD9-92C54DC3F3C4}.Debug|Win32.Build.0 = Debug|Win32
		{0F3EA0C9-4231-432F-9FD9-92C54DC3F3C4}.Release_NoSTDIO|Win32.ActiveCfg = Release|Win32
		{0F3EA0C9-4231-432F-9FD9-92C54DC3F3C4}.Release_NoSTDIO|Win32.Build.0 = Release|Win32
		{0F3EA0C9-4231-432F-9FD9-92C54DC3F3C4}.Release|Win32.ActiveCfg = Release|Win32
		{0F3EA0C9-4231-432F-9FD9-92C54DC3F3C4}.Release|Win32.Build.0 = Release|Win32
		{78B079BD-9FC7-4B9E-B4A6-96DA0F00248B}.Debug|Win32.ActiveCfg = Debug|Win32
		{78B079BD-9FC7-4B9E-B4A6-96DA0F00248B}.Debug|Win32.Build.0 = Debug|Win32
		{78B079BD-9FC7-4B9E-B4A6-96DA0F00248B}.Release_NoSTDIO|Win32.ActiveCfg = Release|Win32
		{78B079BD-9FC7-4B9E-B4A6-96DA0F00248B}.Release_NoSTDIO|Win32.Build.0 = Release|Win32
		{78B079BD-9FC7-4B9E-B4A6-96DA0F00248B}.Release|Win32.ActiveCfg = Release|Win32
		{78B079BD-9FC7-4B9E-B4A6-96DA0F00248B}.Release|Win32.Build.0 = Release|Win32
		{FAFB97F9-712C-47F3-8BE2-F259FED45C5A}.Debug|Win32.ActiveCfg = Debug|Win32
		{FAFB97F9-712C-47F3-8BE2-F259FED45C5A}.Debug|Win32.Build.0 = Debug|Win32
		{FAFB97F9-712C-47F3-8BE2-F259FED45C5A}.Release_NoSTDIO|Win32.ActiveCfg = Release|Win32
		{FAFB97F9-712C-47F3-8BE2-F259FED45C5A}.Release_NoSTDIO|Win32.Build.0 = Release|Win32
		{FAFB97F9-712C-47F3-8BE2-F259FED45C5A}.Release|Win32.ActiveCfg = Release|Win32
		{FAFB97F9-712C-47F3-8BE2-F259FED45C5A}.Release|Win32.Build.0 = Release|Win32
		{242667CF-FE79-459F-BAF1-19C6C6C95342}.Debug|Win32.ActiveCfg = Debug|Win32
		{242667CF-FE79-459F-BAF1-19C6C6C95342}.Debug|Win32.Build.0 = Debug|Win32
		{242667CF-FE79-459F-BAF1-19C6C6C95342}.Release_NoSTDIO|Win32.ActiveCfg = Release|Win32
		{242667CF-FE79-459F-BAF1-19C6C6C95342}.Release_NoSTDIO|Win32.Build.0 = Release|Win32
		{242667CF-FE79-459F-BAF1-19C6C6C95342}.Release|Win32.ActiveCfg = Release|Win32
		{242667CF-FE79-459F-BAF1-19C6C6C95342}.Release|Win32.Build.0 = Release|Win32
		{81CE8DAF-EBB2-4761-8E45-B71ABCCA8C68}.Debug|Win32.ActiveCfg = Debug|Win32
		{81CE8DAF-EBB2-4761-8E45-B71ABCCA8C68}.Debug|Win32.Build.0 = Debug|Win32
		{81CE8DAF-EBB2-4761-8E45-B71ABCCA8C68}.Release_NoSTDIO|Win32.ActiveCfg = Release|Win32
		{81CE8DAF-EBB2-4761-8E45-B71ABCCA8C68}.Release_NoSTDIO|Win32.Build.0 = Release|Win32
		{81CE8DAF-EBB2-4761-8E45-B71ABCCA8C68}.Release|Win32.ActiveCfg = Release|Win32
		{81CE8DAF-EBB2-4761-8E45-B71ABCCA8C68}.Release|Win32.Build.0 = Release|Win32
		{DA956FD3-E142-46F2-9DD5-C78BEBB56B7A}.Debug|Win32.ActiveCfg = Debug|Win32
		{DA956FD3-E142-46F2-9DD5-C78BEBB56B7A}.Debug|Win32.Build.0 = Debug|Win32
		{DA956FD3-E142-46F2-9DD5-C78BEBB56B7A}.Release_NoSTDIO|Win32.ActiveCfg = Release_NoSTDIO|Win32
		{DA956FD3-E142-46F2-9DD5-C78BEBB56B7A}.Release_NoSTDIO|Win32.Build.0 = Release_NoSTDIO|Win32
		{DA956FD3-E142-46F2-9DD5-C78BEBB56B7A}.Release|Win32.ActiveCfg = Release|Win32
		{DA956FD3-E142-46F2-9DD5-C78BEBB56B7A}.Release|Win32.Build.0 = Release|Win32
		{FFD5DFED-36DA-4941-AA69-C4BBA5ADC754}.Debug|Win32.ActiveCfg = Debug|Win32
		{FFD5DFED-36DA-4941-AA69-C4BBA5ADC754}.Debug|Win32.Build.0 = Debug|Win32
		{FFD5DFED-36DA-4941-AA69-C4BBA5ADC754}.Release_NoSTDIO|Win32.ActiveCfg = Release|Win32
		{FFD5DFED-36DA-4941-AA69-C4BBA5ADC754}.Release_NoSTDIO|Win32.Build.0 = Release|Win32
		{FFD5DFED-36DA-4941-AA69-C4BBA5ADC754}.Release|Win32.ActiveCfg = Release|Win32
		{FFD5DFED-36DA-4941-AA69-C4BBA5ADC754}.Release|Win32.Build.0 = Release|Win32
		{2AE33CF6-D774-4CC4-AA7C-30465A8E4CFE}.Debug|Win32.ActiveCfg = Debug|Win32
		{2AE33CF6-D774-4CC4-AA7C-30465A8E4CFE}.Debug|Win32.Build.0 = Debug|Win32
		{2AE33CF6-D774-4CC4-AA7C-30465A8E4CFE}.Release_NoSTDIO|Win32.ActiveCfg = Release|Win32
		{2AE33CF6-D774-4CC4-AA7C-30465A8E4CFE}.Release_NoSTDIO|Win32.Build.0 = Release|Win32
		{2AE33CF6-D774-4CC4-AA7C-30465A8E4CFE}.Release|Win32.ActiveCfg = Release|Win32
		{2AE33CF6-D774-4CC4-AA7C-30465A8E4CFE}.Release|Win32.Build.0 = Release|Win32
		{F9605E64-D3F7-48DA-8D15-4CBF362161D1}.Debug|Win32.ActiveCfg = Debug|Win32
		{F9605E64-D3F7-48DA-8D15-4CBF362161D1}.Debug|Win32.Build.0 = Debug|Win32
		{F9605E64-D3F7-48DA-8D15-4CBF362161D1}.Release_NoSTDIO|Win32.ActiveCfg = Release|Win32
		{F9605E64-D3F7-48DA-8D15-4CBF362161D1}.Release_NoSTDIO|Win32.Build.0 = Release|Win32
		{F9605E64-D3F7-48DA-8D15-4CBF362161D1}.Release|Win32.ActiveCfg = Release|Win32
		{F9605E64-D3F7-48DA-8D15-4CBF362161D1}.Release|Win32.Build.0 = Release|Win32
		{3B5EC04A-DDDB-4760-B264-9043388B9F76}.Debug|Win32.ActiveCfg = Debug|Win32
		{3B5EC04A-DDDB-4760-B264-9043388B9F76}.Debug|Win32.Build.0 = Debug|Win32
		{3B5EC04A-DDDB-4760-B264-9043388B9F76}.Release_NoSTDIO|Win32.ActiveCfg = Release|Win32
		{3B5EC04A-DDDB-4760-B264-9043388B9F76}.Release_NoSTDIO|Win32.Build.0 = Release|Win32
		{3B5EC04A-DDDB-4760-B264-9043388B9F76}.Release|Win32.ActiveCfg = Release|Win32
		{3B5EC04A-DDDB-4760-B264-9043388B9F76}.Release|Win32.Build.0 = Release|Win32
		{A054C2CB-C9D9-403E-8FD5-2BDA150117A6}.Debug|Win32.ActiveCfg = Debug|Win32
		{A054C2CB-C9D9-403E-8FD5-2BDA150117A6}.Debug|Win32.Build.0 = Debug|Win32
		{A054C2CB-C9D9-403E-8FD5-2BDA150117A6}.Release_NoSTDIO|Win32.ActiveCfg = Release|Win32
		{A054C2CB-C9D9-403E-8FD5-2BDA150117A6}.Release_NoSTDIO|Win32.Build.0 = Release|Win32
		{A054C2CB-C9D9-403E-8FD5-2BDA150117A6}.Release|Win32.ActiveCfg = Release|Win32
		{A054C2CB-C9D9-403E-8FD5-2BDA150117A6}.Release|Win32.Build.0 = Release|Win32
		{CE7F30C9-AF70-46B7-8879-6DD1F78E8BD5}.Debug|Win32.ActiveCfg = Debug|Win32
		{CE7F30C9-AF70-46B7-8879-6DD1F78E8BD5}.Debug|Win32.Build.0 = Debug|Win32
		{CE7F30C9-AF70-46B7-8879-6DD1F78E8BD5}.Release_NoSTDIO|Win32.ActiveCfg = Release|Win32
		{CE7F30C9-AF70-46B7-8879-6DD1F78E8BD5}.Release_NoSTDIO|Win32.Build.0 = Release|Win32
		{CE7F30C9-AF70-46B7-8879-6DD1F78E8BD5}.Release|Win32.ActiveCfg = Release|Win32
		{CE7F30C9-AF70-46B7-8879-6DD1F78E8BD5}.Release|Win32.Build.0 = Release|Win32
		{D08A11B9-EA37-4D8B-945F-B3D1006C78D9}.Debug|Win32.ActiveCfg = Debug|Win32
		{D08A11B9-EA37-4D8B-945F-B3D1006C78D9}.Debug|Win32.Build.0 = Debug|Win32
		{D08A11B9-EA37-4D8B-945F-B3D1006C78D9}.Release_NoSTDIO|Win32.ActiveCfg = Release|Win32
		{D08A11B9-EA37-4D8B-945F-B3D1006C78D9}.Release_NoSTDIO|Win32.Build.0 = Release|Win32
		{D08A11B9-EA37-4D8B-945F-B3D1006C78D9}.Release|Win32.ActiveCfg = Release|Win32
		{D08A11B9-EA37-4D8B-945F-B3D1006C78D9}.Release|Win32.Build.0 = Release|Win32
		{F59FE6BE-ABE5-48AE-9FCC-D2F5C6A61411}.Debug|Win32.ActiveCfg = Debug|Win32
		{F59FE6BE-ABE5-48AE-9FCC-D2F5C6A61411}.Debug|Win32.Build.0 = Debug|Win32
		{F59FE6BE-ABE5-48AE-9FCC-D2F5C6A61411}.Release_NoSTDIO|Win32.ActiveCfg = Release|Win32
		{F59FE6BE-ABE5-48AE-9FCC-D2F5C6A61411}.Release_NoSTDIO|Win32.Build.0 = Release|Win32
		{F59FE6BE-ABE5-48AE-9FCC-D2F5C6A61411}.Release|Win32.ActiveCfg = Release|Win32
		{F59FE6BE-ABE5-48AE-9FCC-D2F5C6A61411}.Release|Win32.Build.0 = Release|Win32
		{8956BE42-FE05-480E-8E34-2B9C5D3DFA91}.Debug|Win32.ActiveCfg = Debug|Win32
		{8956BE42-FE05-480E-8E34-2B9C5D3DFA91}.Debug|Win32.Build.0 = Debug|Win32
		{8956BE42-FE05-480E-8E34-2B9C5D3DFA91}.Release_NoSTDIO|Win32.ActiveCfg = Release|Win32
		{8956BE42-FE05-480E-8E34-2B9C5D3DFA91}.Release_NoSTDIO|Win32.Build.0 = Release|Win32
		{8956BE42-FE05-480E-8E34-2B9C5D3DFA91}.Release|Win32.ActiveCfg = Release|Win32
		{8956BE42-FE05-480E-8E34-2B9C5D3DFA91}.Release|Win32.Build.0 = Release|Win32
		{BB574242-C804-4CC8-A083-171332E77101}.Debug|Win32.ActiveCfg = Debug|Win32
		{BB574242-C804-4CC8-A083-171332E77101}.Debug|Win32.Build.0 = Debug|Win32
		{BB574242-C804-4CC8-A083-171332E77101}.Release_NoSTDIO|Win32.ActiveCfg = Release|Win32
		{BB574242-C804-4CC8-A083-171332E77101}.Release_NoSTDIO|Win32.Build.0 = Release|Win32
		{BB574242-C804-4CC8-A083-171332E77101}.Release|Win32.ActiveCfg = Release|Win32
		{BB574242-C804-4CC8-A083-171332E77101}.Release|Win32.Build.0 = Release|Win32
		{378D89DF-F490-4D86-B042-56CBD9B04FAA}.Debug|Win32.ActiveCfg = Debug|Win32
		{378D89DF-F490-4D86-B042-56CBD9B04FAA}.Debug|Win32.Build.0 = Debug|Win32
		{378D89DF-F490-4D86-B042-56CBD9B04FAA}.Release_NoSTDIO|Win32.ActiveCfg = Release|Win32
		{378D89DF-F490-4D86-B042-56CBD9B04FAA}.Release_NoSTDIO|Win32.Build.0 = Release|Win32
		{378D89DF-F490-4D86-B042-56CBD9B04FAA}.Release|Win32.ActiveCfg = Release|Win32
		{378D89DF-F490-4D86-B042-56CBD9B04FAA}.Release|Win32.Build.0 = Release|Win32
		{0F479481-9CEC-4B26-A1FC-1758485BF01C}.Debug|Win32.ActiveCfg = Debug|Win32
		{0F479481-9CEC-4B26-A1FC-1758485BF01C}.Debug|Win32.Build.0 = Debug|Win32
		{0F479481-9CEC-4B26-A1FC-1758485BF01C}.Release_NoSTDIO|Win32.ActiveCfg = Release|Win32
		{0F479481-9CEC-4B26-A1FC-1758485BF01C}.Release_NoSTDIO|Win32.Build.0 = Release|Win32
		{0F479481-9CEC-4B26-A1FC-1758485BF01C}.Release|Win32.ActiveCfg = Release|Win32
		{0F479481-9CEC-4B26-A1FC-1758485BF01C}.Release|Win32.Build.0 = Release|Win32
	EndGlobalSection
	GlobalSection(SolutionProperties) = preSolution
		HideSolutionNode = FALSE
	EndGlobalSection
	GlobalSection(DPCodeReviewSolutionGUID) = preSolution
		DPCodeReviewSolutionGUID = {00000000-0000-0000-0000-000000000000}
	EndGlobalSection
EndGlobal
