Microsoft Visual Studio Solution File, Format Version 11.00
# Visual C++ Express 2010
Project("{8BC9CEB8-8B4A-11D0-8D11-00A0C91BC942}") = "freetype", "SDK\External\freetype\builds\win32\visualc\freetype.vcxproj", "{78B079BD-9FC7-4B9E-B4A6-96DA0F00248B}"
EndProject
Project("{8BC9CEB8-8B4A-11D0-8D11-00A0C91BC942}") = "PhysFS", "SDK\External\PhysFS\PhysFS.vcxproj", "{242667CF-FE79-459F-BAF1-19C6C6C95342}"
EndProject
Project("{8BC9CEB8-8B4A-11D0-8D11-00A0C91BC942}") = "squirrel", "SDK\External\squirrel\squirrel\squirrel.vcxproj", "{D08A11B9-EA37-4D8B-945F-B3D1006C78D9}"
EndProject
Project("{8BC9CEB8-8B4A-11D0-8D11-00A0C91BC942}") = "zlib", "SDK\External\zlib\win32\zlib.vcxproj", "{BB574242-C804-4CC8-A083-171332E77101}"
EndProject
Project("{8BC9CEB8-8B4A-11D0-8D11-00A0C91BC942}") = "SDL2", "SDK\External\SDL2\VisualC\SDL\SDL_VS2010.vcxproj", "{81CE8DAF-EBB2-4761-8E45-B71ABCCA8C68}"
EndProject
Project("{8BC9CEB8-8B4A-11D0-8D11-00A0C91BC942}") = "SDL2main", "SDK\External\SDL2\VisualC\SDLmain\SDLmain_VS2010.vcxproj", "{DA956FD3-E142-46F2-9DD5-C78BEBB56B7A}"
EndProject
Global
	GlobalSection(SolutionConfigurationPlatforms) = preSolution
		Debug|Win32 = Debug|Win32
		Debug|x64 = Debug|x64
		Release_NoSTDIO|Win32 = Release_NoSTDIO|Win32
		Release_NoSTDIO|x64 = Release_NoSTDIO|x64
		Release|Win32 = Release|Win32
		Release|x64 = Release|x64
	EndGlobalSection
	GlobalSection(ProjectConfigurationPlatforms) = postSolution
		{78B079BD-9FC7-4B9E-B4A6-96DA0F00248B}.Debug|Win32.ActiveCfg = Debug|Win32
		{78B079BD-9FC7-4B9E-B4A6-96DA0F00248B}.Debug|Win32.Build.0 = Debug|Win32
		{78B079BD-9FC7-4B9E-B4A6-96DA0F00248B}.Debug|x64.ActiveCfg = Debug|Win32
		{78B079BD-9FC7-4B9E-B4A6-96DA0F00248B}.Release_NoSTDIO|Win32.ActiveCfg = Release|Win32
		{78B079BD-9FC7-4B9E-B4A6-96DA0F00248B}.Release_NoSTDIO|Win32.Build.0 = Release|Win32
		{78B079BD-9FC7-4B9E-B4A6-96DA0F00248B}.Release_NoSTDIO|x64.ActiveCfg = Release|Win32
		{78B079BD-9FC7-4B9E-B4A6-96DA0F00248B}.Release|Win32.ActiveCfg = Release|Win32
		{78B079BD-9FC7-4B9E-B4A6-96DA0F00248B}.Release|Win32.Build.0 = Release|Win32
		{78B079BD-9FC7-4B9E-B4A6-96DA0F00248B}.Release|x64.ActiveCfg = Release|Win32
		{242667CF-FE79-459F-BAF1-19C6C6C95342}.Debug|Win32.ActiveCfg = Debug|Win32
		{242667CF-FE79-459F-BAF1-19C6C6C95342}.Debug|Win32.Build.0 = Debug|Win32
		{242667CF-FE79-459F-BAF1-19C6C6C95342}.Debug|x64.ActiveCfg = Debug|Win32
		{242667CF-FE79-459F-BAF1-19C6C6C95342}.Release_NoSTDIO|Win32.ActiveCfg = Release|Win32
		{242667CF-FE79-459F-BAF1-19C6C6C95342}.Release_NoSTDIO|Win32.Build.0 = Release|Win32
		{242667CF-FE79-459F-BAF1-19C6C6C95342}.Release_NoSTDIO|x64.ActiveCfg = Release|Win32
		{242667CF-FE79-459F-BAF1-19C6C6C95342}.Release|Win32.ActiveCfg = Release|Win32
		{242667CF-FE79-459F-BAF1-19C6C6C95342}.Release|Win32.Build.0 = Release|Win32
		{242667CF-FE79-459F-BAF1-19C6C6C95342}.Release|x64.ActiveCfg = Release|Win32
		{D08A11B9-EA37-4D8B-945F-B3D1006C78D9}.Debug|Win32.ActiveCfg = Debug|Win32
		{D08A11B9-EA37-4D8B-945F-B3D1006C78D9}.Debug|Win32.Build.0 = Debug|Win32
		{D08A11B9-EA37-4D8B-945F-B3D1006C78D9}.Debug|x64.ActiveCfg = Debug|Win32
		{D08A11B9-EA37-4D8B-945F-B3D1006C78D9}.Release_NoSTDIO|Win32.ActiveCfg = Release|Win32
		{D08A11B9-EA37-4D8B-945F-B3D1006C78D9}.Release_NoSTDIO|Win32.Build.0 = Release|Win32
		{D08A11B9-EA37-4D8B-945F-B3D1006C78D9}.Release_NoSTDIO|x64.ActiveCfg = Release|Win32
		{D08A11B9-EA37-4D8B-945F-B3D1006C78D9}.Release|Win32.ActiveCfg = Release|Win32
		{D08A11B9-EA37-4D8B-945F-B3D1006C78D9}.Release|Win32.Build.0 = Release|Win32
		{D08A11B9-EA37-4D8B-945F-B3D1006C78D9}.Release|x64.ActiveCfg = Release|Win32
		{BB574242-C804-4CC8-A083-171332E77101}.Debug|Win32.ActiveCfg = Debug|Win32
		{BB574242-C804-4CC8-A083-171332E77101}.Debug|Win32.Build.0 = Debug|Win32
		{BB574242-C804-4CC8-A083-171332E77101}.Debug|x64.ActiveCfg = Debug|Win32
		{BB574242-C804-4CC8-A083-171332E77101}.Release_NoSTDIO|Win32.ActiveCfg = Release|Win32
		{BB574242-C804-4CC8-A083-171332E77101}.Release_NoSTDIO|Win32.Build.0 = Release|Win32
		{BB574242-C804-4CC8-A083-171332E77101}.Release_NoSTDIO|x64.ActiveCfg = Release|Win32
		{BB574242-C804-4CC8-A083-171332E77101}.Release|Win32.ActiveCfg = Release|Win32
		{BB574242-C804-4CC8-A083-171332E77101}.Release|Win32.Build.0 = Release|Win32
		{BB574242-C804-4CC8-A083-171332E77101}.Release|x64.ActiveCfg = Release|Win32
		{81CE8DAF-EBB2-4761-8E45-B71ABCCA8C68}.Debug|Win32.ActiveCfg = Debug|Win32
		{81CE8DAF-EBB2-4761-8E45-B71ABCCA8C68}.Debug|Win32.Build.0 = Debug|Win32
		{81CE8DAF-EBB2-4761-8E45-B71ABCCA8C68}.Debug|x64.ActiveCfg = Debug|Win32
		{81CE8DAF-EBB2-4761-8E45-B71ABCCA8C68}.Release_NoSTDIO|Win32.ActiveCfg = Release_static|Win32
		{81CE8DAF-EBB2-4761-8E45-B71ABCCA8C68}.Release_NoSTDIO|Win32.Build.0 = Release_static|Win32
		{81CE8DAF-EBB2-4761-8E45-B71ABCCA8C68}.Release_NoSTDIO|x64.ActiveCfg = Release_static|Win32
		{81CE8DAF-EBB2-4761-8E45-B71ABCCA8C68}.Release|Win32.ActiveCfg = Release|Win32
		{81CE8DAF-EBB2-4761-8E45-B71ABCCA8C68}.Release|Win32.Build.0 = Release|Win32
		{81CE8DAF-EBB2-4761-8E45-B71ABCCA8C68}.Release|x64.ActiveCfg = Release|Win32
		{DA956FD3-E142-46F2-9DD5-C78BEBB56B7A}.Debug|Win32.ActiveCfg = Debug|Win32
		{DA956FD3-E142-46F2-9DD5-C78BEBB56B7A}.Debug|Win32.Build.0 = Debug|Win32
		{DA956FD3-E142-46F2-9DD5-C78BEBB56B7A}.Debug|x64.ActiveCfg = Debug|x64
		{DA956FD3-E142-46F2-9DD5-C78BEBB56B7A}.Debug|x64.Build.0 = Debug|x64
		{DA956FD3-E142-46F2-9DD5-C78BEBB56B7A}.Release_NoSTDIO|Win32.ActiveCfg = Release|x64
		{DA956FD3-E142-46F2-9DD5-C78BEBB56B7A}.Release_NoSTDIO|x64.ActiveCfg = Release|x64
		{DA956FD3-E142-46F2-9DD5-C78BEBB56B7A}.Release_NoSTDIO|x64.Build.0 = Release|x64
		{DA956FD3-E142-46F2-9DD5-C78BEBB56B7A}.Release|Win32.ActiveCfg = Release|Win32
		{DA956FD3-E142-46F2-9DD5-C78BEBB56B7A}.Release|Win32.Build.0 = Release|Win32
		{DA956FD3-E142-46F2-9DD5-C78BEBB56B7A}.Release|x64.ActiveCfg = Release|x64
		{DA956FD3-E142-46F2-9DD5-C78BEBB56B7A}.Release|x64.Build.0 = Release|x64
	EndGlobalSection
	GlobalSection(SolutionProperties) = preSolution
		HideSolutionNode = FALSE
	EndGlobalSection
	GlobalSection(DPCodeReviewSolutionGUID) = preSolution
		DPCodeReviewSolutionGUID = {00000000-0000-0000-0000-000000000000}
	EndGlobalSection
EndGlobal
