Microsoft Visual Studio Solution File, Format Version 9.00
# Visual Studio 2005
Project("{8BC9CEB8-8B4A-11D0-8D11-00A0C91BC942}") = "OGL", "OGL\OGL.vcproj", "{3A0855BA-BA50-47CF-A84E-990B5764EB95}"
EndProject
Project("{8BC9CEB8-8B4A-11D0-8D11-00A0C91BC942}") = "Framework", "Framework\Framework.vcproj", "{61F6A3D7-F203-40CA-95B6-FDE1ADEF0163}"
	ProjectSection(ProjectDependencies) = postProject
		{D930519A-8C1A-481B-B23E-1EEDBC93405E} = {D930519A-8C1A-481B-B23E-1EEDBC93405E}
		{1189BB67-679F-4FBC-ACA1-25651DDD26BA} = {1189BB67-679F-4FBC-ACA1-25651DDD26BA}
		{DE5C3D5A-9A47-4871-AC51-A9F3CFA8EACD} = {DE5C3D5A-9A47-4871-AC51-A9F3CFA8EACD}
		{BE04D54A-38C3-4577-A554-0EB296450F03} = {BE04D54A-38C3-4577-A554-0EB296450F03}
	EndProjectSection
EndProject
Project("{8BC9CEB8-8B4A-11D0-8D11-00A0C91BC942}") = "frest", "frest\frest.vcproj", "{814BDB66-E7F1-4E66-B2F4-3891EB66B9A4}"
	ProjectSection(ProjectDependencies) = postProject
		{61F6A3D7-F203-40CA-95B6-FDE1ADEF0163} = {61F6A3D7-F203-40CA-95B6-FDE1ADEF0163}
	EndProjectSection
EndProject
Project("{8BC9CEB8-8B4A-11D0-8D11-00A0C91BC942}") = "Utils", "Utils\Utils.vcproj", "{176B584F-06B8-4986-A800-7B02CF813062}"
EndProject
Project("{8BC9CEB8-8B4A-11D0-8D11-00A0C91BC942}") = "vfs", "vfs\vfs.vcproj", "{DE5C3D5A-9A47-4871-AC51-A9F3CFA8EACD}"
	ProjectSection(ProjectDependencies) = postProject
		{E63E07C4-D17A-4CA5-928E-D4755D95F538} = {E63E07C4-D17A-4CA5-928E-D4755D95F538}
	EndProjectSection
EndProject
Project("{8BC9CEB8-8B4A-11D0-8D11-00A0C91BC942}") = "glClasses", "glClasses\glClasses.vcproj", "{1189BB67-679F-4FBC-ACA1-25651DDD26BA}"
EndProject
Project("{8BC9CEB8-8B4A-11D0-8D11-00A0C91BC942}") = "exest", "exest\exest.vcproj", "{701F7AFE-EC33-4B05-9388-2226A3B3229D}"
	ProjectSection(ProjectDependencies) = postProject
		{61F6A3D7-F203-40CA-95B6-FDE1ADEF0163} = {61F6A3D7-F203-40CA-95B6-FDE1ADEF0163}
	EndProjectSection
EndProject
Project("{8BC9CEB8-8B4A-11D0-8D11-00A0C91BC942}") = "libpng", "libpng\libpng.vcproj", "{D930519A-8C1A-481B-B23E-1EEDBC93405E}"
	ProjectSection(ProjectDependencies) = postProject
		{E63E07C4-D17A-4CA5-928E-D4755D95F538} = {E63E07C4-D17A-4CA5-928E-D4755D95F538}
	EndProjectSection
EndProject
Project("{8BC9CEB8-8B4A-11D0-8D11-00A0C91BC942}") = "libjpeg", "libjpeg\libjpeg.vcproj", "{BE04D54A-38C3-4577-A554-0EB296450F03}"
EndProject
Project("{8BC9CEB8-8B4A-11D0-8D11-00A0C91BC942}") = "zlib", "zlib\zlib.vcproj", "{E63E07C4-D17A-4CA5-928E-D4755D95F538}"
EndProject
Project("{8BC9CEB8-8B4A-11D0-8D11-00A0C91BC942}") = "_VGResearch", "_VGResearch\_VGResearch.vcproj", "{21FAE24E-0F31-412F-A277-0043B1F69AA8}"
	ProjectSection(ProjectDependencies) = postProject
		{61F6A3D7-F203-40CA-95B6-FDE1ADEF0163} = {61F6A3D7-F203-40CA-95B6-FDE1ADEF0163}
	EndProjectSection
EndProject
Global
	GlobalSection(SolutionConfigurationPlatforms) = preSolution
		Debug|Win32 = Debug|Win32
		Release|Win32 = Release|Win32
	EndGlobalSection
	GlobalSection(ProjectConfigurationPlatforms) = postSolution
		{3A0855BA-BA50-47CF-A84E-990B5764EB95}.Debug|Win32.ActiveCfg = Debug|Win32
		{3A0855BA-BA50-47CF-A84E-990B5764EB95}.Debug|Win32.Build.0 = Debug|Win32
		{3A0855BA-BA50-47CF-A84E-990B5764EB95}.Release|Win32.ActiveCfg = Release|Win32
		{3A0855BA-BA50-47CF-A84E-990B5764EB95}.Release|Win32.Build.0 = Release|Win32
		{61F6A3D7-F203-40CA-95B6-FDE1ADEF0163}.Debug|Win32.ActiveCfg = Debug|Win32
		{61F6A3D7-F203-40CA-95B6-FDE1ADEF0163}.Debug|Win32.Build.0 = Debug|Win32
		{61F6A3D7-F203-40CA-95B6-FDE1ADEF0163}.Release|Win32.ActiveCfg = Release|Win32
		{61F6A3D7-F203-40CA-95B6-FDE1ADEF0163}.Release|Win32.Build.0 = Release|Win32
		{814BDB66-E7F1-4E66-B2F4-3891EB66B9A4}.Debug|Win32.ActiveCfg = Debug|Win32
		{814BDB66-E7F1-4E66-B2F4-3891EB66B9A4}.Debug|Win32.Build.0 = Debug|Win32
		{814BDB66-E7F1-4E66-B2F4-3891EB66B9A4}.Release|Win32.ActiveCfg = Release|Win32
		{814BDB66-E7F1-4E66-B2F4-3891EB66B9A4}.Release|Win32.Build.0 = Release|Win32
		{176B584F-06B8-4986-A800-7B02CF813062}.Debug|Win32.ActiveCfg = Debug|Win32
		{176B584F-06B8-4986-A800-7B02CF813062}.Debug|Win32.Build.0 = Debug|Win32
		{176B584F-06B8-4986-A800-7B02CF813062}.Release|Win32.ActiveCfg = Release|Win32
		{176B584F-06B8-4986-A800-7B02CF813062}.Release|Win32.Build.0 = Release|Win32
		{DE5C3D5A-9A47-4871-AC51-A9F3CFA8EACD}.Debug|Win32.ActiveCfg = Debug|Win32
		{DE5C3D5A-9A47-4871-AC51-A9F3CFA8EACD}.Debug|Win32.Build.0 = Debug|Win32
		{DE5C3D5A-9A47-4871-AC51-A9F3CFA8EACD}.Release|Win32.ActiveCfg = Release|Win32
		{DE5C3D5A-9A47-4871-AC51-A9F3CFA8EACD}.Release|Win32.Build.0 = Release|Win32
		{1189BB67-679F-4FBC-ACA1-25651DDD26BA}.Debug|Win32.ActiveCfg = Debug|Win32
		{1189BB67-679F-4FBC-ACA1-25651DDD26BA}.Debug|Win32.Build.0 = Debug|Win32
		{1189BB67-679F-4FBC-ACA1-25651DDD26BA}.Release|Win32.ActiveCfg = Release|Win32
		{1189BB67-679F-4FBC-ACA1-25651DDD26BA}.Release|Win32.Build.0 = Release|Win32
		{701F7AFE-EC33-4B05-9388-2226A3B3229D}.Debug|Win32.ActiveCfg = Debug|Win32
		{701F7AFE-EC33-4B05-9388-2226A3B3229D}.Debug|Win32.Build.0 = Debug|Win32
		{701F7AFE-EC33-4B05-9388-2226A3B3229D}.Release|Win32.ActiveCfg = Release|Win32
		{701F7AFE-EC33-4B05-9388-2226A3B3229D}.Release|Win32.Build.0 = Release|Win32
		{D930519A-8C1A-481B-B23E-1EEDBC93405E}.Debug|Win32.ActiveCfg = Debug|Win32
		{D930519A-8C1A-481B-B23E-1EEDBC93405E}.Debug|Win32.Build.0 = Debug|Win32
		{D930519A-8C1A-481B-B23E-1EEDBC93405E}.Release|Win32.ActiveCfg = Release|Win32
		{D930519A-8C1A-481B-B23E-1EEDBC93405E}.Release|Win32.Build.0 = Release|Win32
		{BE04D54A-38C3-4577-A554-0EB296450F03}.Debug|Win32.ActiveCfg = Debug|Win32
		{BE04D54A-38C3-4577-A554-0EB296450F03}.Debug|Win32.Build.0 = Debug|Win32
		{BE04D54A-38C3-4577-A554-0EB296450F03}.Release|Win32.ActiveCfg = Release|Win32
		{BE04D54A-38C3-4577-A554-0EB296450F03}.Release|Win32.Build.0 = Release|Win32
		{E63E07C4-D17A-4CA5-928E-D4755D95F538}.Debug|Win32.ActiveCfg = Debug|Win32
		{E63E07C4-D17A-4CA5-928E-D4755D95F538}.Debug|Win32.Build.0 = Debug|Win32
		{E63E07C4-D17A-4CA5-928E-D4755D95F538}.Release|Win32.ActiveCfg = Release|Win32
		{E63E07C4-D17A-4CA5-928E-D4755D95F538}.Release|Win32.Build.0 = Release|Win32
		{21FAE24E-0F31-412F-A277-0043B1F69AA8}.Debug|Win32.ActiveCfg = Debug|Win32
		{21FAE24E-0F31-412F-A277-0043B1F69AA8}.Debug|Win32.Build.0 = Debug|Win32
		{21FAE24E-0F31-412F-A277-0043B1F69AA8}.Release|Win32.ActiveCfg = Release|Win32
		{21FAE24E-0F31-412F-A277-0043B1F69AA8}.Release|Win32.Build.0 = Release|Win32
	EndGlobalSection
	GlobalSection(SolutionProperties) = preSolution
		HideSolutionNode = FALSE
	EndGlobalSection
EndGlobal
