<?xml version="1.0" encoding="utf-8"?>
<Project ToolsVersion="4.0" xmlns="http://schemas.microsoft.com/developer/msbuild/2003">
  <ItemGroup>
    <Filter Include="Source Files">
      <UniqueIdentifier>{4FC737F1-C7A5-4376-A066-2A32D752A2FF}</UniqueIdentifier>
      <Extensions>cpp;c;cc;cxx;def;odl;idl;hpj;bat;asm;asmx</Extensions>
    </Filter>
    <Filter Include="Header Files">
      <UniqueIdentifier>{93995380-89BD-4b04-88EB-625FBE52EBFB}</UniqueIdentifier>
      <Extensions>h;hpp;hxx;hm;inl;inc;xsd</Extensions>
    </Filter>
    <Filter Include="Public Headers">
      <UniqueIdentifier>{72fecdd3-e8dc-4268-9786-b2f5178b80c3}</UniqueIdentifier>
    </Filter>
  </ItemGroup>
  <ItemGroup>
    <ClCompile Include="core.cpp">
      <Filter>Source Files</Filter>
    </ClCompile>
    <ClCompile Include="ml.cpp">
      <Filter>Source Files</Filter>
    </ClCompile>
    <ClCompile Include="mjson.c">
      <Filter>Source Files</Filter>
    </ClCompile>
    <ClCompile Include="mt.cpp">
      <Filter>Source Files</Filter>
    </ClCompile>
    <ClCompile Include="profiler.cpp">
      <Filter>Source Files</Filter>
    </ClCompile>
    <ClCompile Include="timer.cpp">
      <Filter>Source Files</Filter>
    </ClCompile>
    <ClCompile Include="Remotery.c">
      <Filter>Source Files</Filter>
    </ClCompile>
    <ClCompile Include="cstr_parse.c">
      <Filter>Source Files</Filter>
    </ClCompile>
    <ClCompile Include="mem_alloc.c">
      <Filter>Source Files</Filter>
    </ClCompile>
    <ClCompile Include="mem_utils.c">
      <Filter>Source Files</Filter>
    </ClCompile>
    <ClCompile Include="etlsf.c">
      <Filter>Source Files</Filter>
    </ClCompile>
    <ClCompile Include="cstr.c">
      <Filter>Source Files</Filter>
    </ClCompile>
    <ClCompile Include="cstr_printf.c">
      <Filter>Source Files</Filter>
    </ClCompile>
  </ItemGroup>
  <ItemGroup>
    <ClInclude Include="..\include\core\vi.h">
      <Filter>Public Headers</Filter>
    </ClInclude>
    <ClInclude Include="..\include\core\ml.h">
      <Filter>Public Headers</Filter>
    </ClInclude>
    <ClInclude Include="..\include\mjson.h">
      <Filter>Public Headers</Filter>
    </ClInclude>
    <ClInclude Include="..\include\core\memory.h">
      <Filter>Public Headers</Filter>
    </ClInclude>
    <ClInclude Include="..\include\core\core.h">
      <Filter>Public Headers</Filter>
    </ClInclude>
    <ClInclude Include="bits.h">
      <Filter>Public Headers</Filter>
    </ClInclude>
    <ClInclude Include="..\include\core\timer.h">
      <Filter>Public Headers</Filter>
    </ClInclude>
    <ClInclude Include="..\include\core\profiler.h">
      <Filter>Public Headers</Filter>
    </ClInclude>
    <ClInclude Include="..\include\core\mt.h">
      <Filter>Public Headers</Filter>
    </ClInclude>
    <ClInclude Include="..\include\Remotery.h">
      <Filter>Public Headers</Filter>
    </ClInclude>
    <ClInclude Include="..\include\core\debug.h">
      <Filter>Public Headers</Filter>
    </ClInclude>
    <ClInclude Include="malloc.c.h">
      <Filter>Source Files</Filter>
    </ClInclude>
    <ClInclude Include="..\include\etlsf.h">
      <Filter>Public Headers</Filter>
    </ClInclude>
    <ClInclude Include="..\include\core\cstr.h">
      <Filter>Public Headers</Filter>
    </ClInclude>
  </ItemGroup>
  <ItemGroup>
    <None Include="..\include\core\vi_sse.h">
      <Filter>Public Headers</Filter>
    </None>
  </ItemGroup>
</Project>